// !$*UTF8*$!
{
	archiveVersion = 1;
	classes = {
	};
	objectVersion = 55;
	objects = {

/* Begin PBXBuildFile section */
		898A773E2912E10500D7A030 /* pracaInzynierskaApp.swift in Sources */ = {isa = PBXBuildFile; fileRef = 898A773D2912E10500D7A030 /* pracaInzynierskaApp.swift */; };
		898A77422912E10700D7A030 /* Assets.xcassets in Resources */ = {isa = PBXBuildFile; fileRef = 898A77412912E10700D7A030 /* Assets.xcassets */; };
		898A77452912E10700D7A030 /* Preview Assets.xcassets in Resources */ = {isa = PBXBuildFile; fileRef = 898A77442912E10700D7A030 /* Preview Assets.xcassets */; };
		898A774F2912E1E800D7A030 /* Car.swift in Sources */ = {isa = PBXBuildFile; fileRef = 898A774E2912E1E800D7A030 /* Car.swift */; };
		898A77512912E20300D7A030 /* Rating.swift in Sources */ = {isa = PBXBuildFile; fileRef = 898A77502912E20300D7A030 /* Rating.swift */; };
		898A77532912E22300D7A030 /* MainView.swift in Sources */ = {isa = PBXBuildFile; fileRef = 898A77522912E22300D7A030 /* MainView.swift */; };
		898A77562912E25900D7A030 /* CarDetailView.swift in Sources */ = {isa = PBXBuildFile; fileRef = 898A77552912E25900D7A030 /* CarDetailView.swift */; };
		898A77592912E27C00D7A030 /* CarListView.swift in Sources */ = {isa = PBXBuildFile; fileRef = 898A77582912E27C00D7A030 /* CarListView.swift */; };
		898A775C2912E29600D7A030 /* GalleryView.swift in Sources */ = {isa = PBXBuildFile; fileRef = 898A775B2912E29600D7A030 /* GalleryView.swift */; };
		898A775F2912E2B000D7A030 /* PhotoRecognitionView.swift in Sources */ = {isa = PBXBuildFile; fileRef = 898A775E2912E2B000D7A030 /* PhotoRecognitionView.swift */; };
		898A77622912E2D800D7A030 /* RecentRatingsView.swift in Sources */ = {isa = PBXBuildFile; fileRef = 898A77612912E2D800D7A030 /* RecentRatingsView.swift */; };
		898A77642912E2EA00D7A030 /* SingleRatingView.swift in Sources */ = {isa = PBXBuildFile; fileRef = 898A77632912E2EA00D7A030 /* SingleRatingView.swift */; };
		898A77662912E2F700D7A030 /* StarViews.swift in Sources */ = {isa = PBXBuildFile; fileRef = 898A77652912E2F700D7A030 /* StarViews.swift */; };
		898A77692912E31100D7A030 /* SettingsView.swift in Sources */ = {isa = PBXBuildFile; fileRef = 898A77682912E31100D7A030 /* SettingsView.swift */; };
		898A776C2912E32F00D7A030 /* VinCheckView.swift in Sources */ = {isa = PBXBuildFile; fileRef = 898A776B2912E32F00D7A030 /* VinCheckView.swift */; };
		898A776E2912E37400D7A030 /* Statics.swift in Sources */ = {isa = PBXBuildFile; fileRef = 898A776D2912E37400D7A030 /* Statics.swift */; };
		898A77772913004F00D7A030 /* DataListView.swift in Sources */ = {isa = PBXBuildFile; fileRef = 898A77762913004F00D7A030 /* DataListView.swift */; };
		898A77792913018B00D7A030 /* SingleRatingDetailView.swift in Sources */ = {isa = PBXBuildFile; fileRef = 898A77782913018B00D7A030 /* SingleRatingDetailView.swift */; };
		898A777C291301DC00D7A030 /* HeaderRatingView.swift in Sources */ = {isa = PBXBuildFile; fileRef = 898A777B291301DC00D7A030 /* HeaderRatingView.swift */; };
/* End PBXBuildFile section */

/* Begin PBXFileReference section */
		898A773A2912E10500D7A030 /* pracaInzynierska.app */ = {isa = PBXFileReference; explicitFileType = wrapper.application; includeInIndex = 0; path = pracaInzynierska.app; sourceTree = BUILT_PRODUCTS_DIR; };
		898A773D2912E10500D7A030 /* pracaInzynierskaApp.swift */ = {isa = PBXFileReference; lastKnownFileType = sourcecode.swift; path = pracaInzynierskaApp.swift; sourceTree = "<group>"; };
		898A77412912E10700D7A030 /* Assets.xcassets */ = {isa = PBXFileReference; lastKnownFileType = folder.assetcatalog; path = Assets.xcassets; sourceTree = "<group>"; };
		898A77442912E10700D7A030 /* Preview Assets.xcassets */ = {isa = PBXFileReference; lastKnownFileType = folder.assetcatalog; path = "Preview Assets.xcassets"; sourceTree = "<group>"; };
		898A774E2912E1E800D7A030 /* Car.swift */ = {isa = PBXFileReference; lastKnownFileType = sourcecode.swift; path = Car.swift; sourceTree = "<group>"; };
		898A77502912E20300D7A030 /* Rating.swift */ = {isa = PBXFileReference; lastKnownFileType = sourcecode.swift; path = Rating.swift; sourceTree = "<group>"; };
		898A77522912E22300D7A030 /* MainView.swift */ = {isa = PBXFileReference; lastKnownFileType = sourcecode.swift; path = MainView.swift; sourceTree = "<group>"; };
		898A77552912E25900D7A030 /* CarDetailView.swift */ = {isa = PBXFileReference; lastKnownFileType = sourcecode.swift; path = CarDetailView.swift; sourceTree = "<group>"; };
		898A77582912E27C00D7A030 /* CarListView.swift */ = {isa = PBXFileReference; lastKnownFileType = sourcecode.swift; path = CarListView.swift; sourceTree = "<group>"; };
		898A775B2912E29600D7A030 /* GalleryView.swift */ = {isa = PBXFileReference; lastKnownFileType = sourcecode.swift; path = GalleryView.swift; sourceTree = "<group>"; };
		898A775E2912E2B000D7A030 /* PhotoRecognitionView.swift */ = {isa = PBXFileReference; lastKnownFileType = sourcecode.swift; path = PhotoRecognitionView.swift; sourceTree = "<group>"; };
		898A77612912E2D800D7A030 /* RecentRatingsView.swift */ = {isa = PBXFileReference; lastKnownFileType = sourcecode.swift; path = RecentRatingsView.swift; sourceTree = "<group>"; };
		898A77632912E2EA00D7A030 /* SingleRatingView.swift */ = {isa = PBXFileReference; lastKnownFileType = sourcecode.swift; path = SingleRatingView.swift; sourceTree = "<group>"; };
		898A77652912E2F700D7A030 /* StarViews.swift */ = {isa = PBXFileReference; lastKnownFileType = sourcecode.swift; path = StarViews.swift; sourceTree = "<group>"; };
		898A77682912E31100D7A030 /* SettingsView.swift */ = {isa = PBXFileReference; lastKnownFileType = sourcecode.swift; path = SettingsView.swift; sourceTree = "<group>"; };
		898A776B2912E32F00D7A030 /* VinCheckView.swift */ = {isa = PBXFileReference; lastKnownFileType = sourcecode.swift; path = VinCheckView.swift; sourceTree = "<group>"; };
		898A776D2912E37400D7A030 /* Statics.swift */ = {isa = PBXFileReference; lastKnownFileType = sourcecode.swift; path = Statics.swift; sourceTree = "<group>"; };
		898A77762913004F00D7A030 /* DataListView.swift */ = {isa = PBXFileReference; lastKnownFileType = sourcecode.swift; path = DataListView.swift; sourceTree = "<group>"; };
		898A77782913018B00D7A030 /* SingleRatingDetailView.swift */ = {isa = PBXFileReference; lastKnownFileType = sourcecode.swift; path = SingleRatingDetailView.swift; sourceTree = "<group>"; };
		898A777B291301DC00D7A030 /* HeaderRatingView.swift */ = {isa = PBXFileReference; lastKnownFileType = sourcecode.swift; path = HeaderRatingView.swift; sourceTree = "<group>"; };
/* End PBXFileReference section */

/* Begin PBXFrameworksBuildPhase section */
		898A77372912E10500D7A030 /* Frameworks */ = {
			isa = PBXFrameworksBuildPhase;
			buildActionMask = 2147483647;
			files = (
			);
			runOnlyForDeploymentPostprocessing = 0;
		};
/* End PBXFrameworksBuildPhase section */

/* Begin PBXGroup section */
		898A77312912E10500D7A030 = {
			isa = PBXGroup;
			children = (
				898A773C2912E10500D7A030 /* pracaInzynierska */,
				898A773B2912E10500D7A030 /* Products */,
			);
			sourceTree = "<group>";
		};
		898A773B2912E10500D7A030 /* Products */ = {
			isa = PBXGroup;
			children = (
				898A773A2912E10500D7A030 /* pracaInzynierska.app */,
			);
			name = Products;
			sourceTree = "<group>";
		};
		898A773C2912E10500D7A030 /* pracaInzynierska */ = {
			isa = PBXGroup;
			children = (
				898A776D2912E37400D7A030 /* Statics.swift */,
				898A774B2912E12A00D7A030 /* Model */,
				898A774C2912E12F00D7A030 /* View */,
				898A774D2912E13700D7A030 /* ViewModel */,
				898A773D2912E10500D7A030 /* pracaInzynierskaApp.swift */,
				898A77412912E10700D7A030 /* Assets.xcassets */,
				898A77432912E10700D7A030 /* Preview Content */,
			);
			path = pracaInzynierska;
			sourceTree = "<group>";
		};
		898A77432912E10700D7A030 /* Preview Content */ = {
			isa = PBXGroup;
			children = (
				898A77442912E10700D7A030 /* Preview Assets.xcassets */,
			);
			path = "Preview Content";
			sourceTree = "<group>";
		};
		898A774B2912E12A00D7A030 /* Model */ = {
			isa = PBXGroup;
			children = (
				898A774E2912E1E800D7A030 /* Car.swift */,
				898A77502912E20300D7A030 /* Rating.swift */,
			);
			path = Model;
			sourceTree = "<group>";
		};
		898A774C2912E12F00D7A030 /* View */ = {
			isa = PBXGroup;
			children = (
				898A77522912E22300D7A030 /* MainView.swift */,
				898A776A2912E32600D7A030 /* VinCheck */,
				898A77672912E30800D7A030 /* Settings */,
				898A77602912E2BD00D7A030 /* RecentRatings */,
				898A775D2912E2A200D7A030 /* PhotoRecognition */,
				898A775A2912E28D00D7A030 /* Gallery */,
				898A77542912E24800D7A030 /* CarDetail */,
				898A77572912E26800D7A030 /* CarList */,
			);
			path = View;
			sourceTree = "<group>";
		};
		898A774D2912E13700D7A030 /* ViewModel */ = {
			isa = PBXGroup;
			children = (
				898A77752912E3F100D7A030 /* CarList */,
				898A77742912E3EA00D7A030 /* CarDetail */,
				898A77732912E3E400D7A030 /* Gallery */,
				898A77722912E3DC00D7A030 /* PhotoRecognition */,
				898A77712912E3D500D7A030 /* RecentRatings */,
				898A77702912E3CF00D7A030 /* Settings */,
				898A776F2912E3C800D7A030 /* VinCheck */,
			);
			path = ViewModel;
			sourceTree = "<group>";
		};
		898A77542912E24800D7A030 /* CarDetail */ = {
			isa = PBXGroup;
			children = (
				898A77552912E25900D7A030 /* CarDetailView.swift */,
			);
			path = CarDetail;
			sourceTree = "<group>";
		};
		898A77572912E26800D7A030 /* CarList */ = {
			isa = PBXGroup;
			children = (
				898A77582912E27C00D7A030 /* CarListView.swift */,
			);
			path = CarList;
			sourceTree = "<group>";
		};
		898A775A2912E28D00D7A030 /* Gallery */ = {
			isa = PBXGroup;
			children = (
				898A775B2912E29600D7A030 /* GalleryView.swift */,
			);
			path = Gallery;
			sourceTree = "<group>";
		};
		898A775D2912E2A200D7A030 /* PhotoRecognition */ = {
			isa = PBXGroup;
			children = (
				898A775E2912E2B000D7A030 /* PhotoRecognitionView.swift */,
			);
			path = PhotoRecognition;
			sourceTree = "<group>";
		};
		898A77602912E2BD00D7A030 /* RecentRatings */ = {
			isa = PBXGroup;
			children = (
				898A77612912E2D800D7A030 /* RecentRatingsView.swift */,
				898A77632912E2EA00D7A030 /* SingleRatingView.swift */,
				898A77782913018B00D7A030 /* SingleRatingDetailView.swift */,
				898A777A291301B900D7A030 /* Utils */,
			);
			path = RecentRatings;
			sourceTree = "<group>";
		};
		898A77672912E30800D7A030 /* Settings */ = {
			isa = PBXGroup;
			children = (
				898A77682912E31100D7A030 /* SettingsView.swift */,
			);
			path = Settings;
			sourceTree = "<group>";
		};
		898A776A2912E32600D7A030 /* VinCheck */ = {
			isa = PBXGroup;
			children = (
				898A776B2912E32F00D7A030 /* VinCheckView.swift */,
			);
			path = VinCheck;
			sourceTree = "<group>";
		};
		898A776F2912E3C800D7A030 /* VinCheck */ = {
			isa = PBXGroup;
			children = (
			);
			path = VinCheck;
			sourceTree = "<group>";
		};
		898A77702912E3CF00D7A030 /* Settings */ = {
			isa = PBXGroup;
			children = (
			);
			path = Settings;
			sourceTree = "<group>";
		};
		898A77712912E3D500D7A030 /* RecentRatings */ = {
			isa = PBXGroup;
			children = (
			);
			path = RecentRatings;
			sourceTree = "<group>";
		};
		898A77722912E3DC00D7A030 /* PhotoRecognition */ = {
			isa = PBXGroup;
			children = (
			);
			path = PhotoRecognition;
			sourceTree = "<group>";
		};
		898A77732912E3E400D7A030 /* Gallery */ = {
			isa = PBXGroup;
			children = (
			);
			path = Gallery;
			sourceTree = "<group>";
		};
		898A77742912E3EA00D7A030 /* CarDetail */ = {
			isa = PBXGroup;
			children = (
			);
			path = CarDetail;
			sourceTree = "<group>";
		};
		898A77752912E3F100D7A030 /* CarList */ = {
			isa = PBXGroup;
			children = (
			);
			path = CarList;
			sourceTree = "<group>";
		};
		898A777A291301B900D7A030 /* Utils */ = {
			isa = PBXGroup;
			children = (
				898A77652912E2F700D7A030 /* StarViews.swift */,
				898A77762913004F00D7A030 /* DataListView.swift */,
				898A777B291301DC00D7A030 /* HeaderRatingView.swift */,
			);
			path = Utils;
			sourceTree = "<group>";
		};
/* End PBXGroup section */

/* Begin PBXNativeTarget section */
		898A77392912E10500D7A030 /* pracaInzynierska */ = {
			isa = PBXNativeTarget;
			buildConfigurationList = 898A77482912E10700D7A030 /* Build configuration list for PBXNativeTarget "pracaInzynierska" */;
			buildPhases = (
				898A77362912E10500D7A030 /* Sources */,
				898A77372912E10500D7A030 /* Frameworks */,
				898A77382912E10500D7A030 /* Resources */,
			);
			buildRules = (
			);
			dependencies = (
			);
			name = pracaInzynierska;
			productName = pracaInzynierska;
			productReference = 898A773A2912E10500D7A030 /* pracaInzynierska.app */;
			productType = "com.apple.product-type.application";
		};
/* End PBXNativeTarget section */

/* Begin PBXProject section */
		898A77322912E10500D7A030 /* Project object */ = {
			isa = PBXProject;
			attributes = {
				BuildIndependentTargetsInParallel = 1;
				LastSwiftUpdateCheck = 1340;
				LastUpgradeCheck = 1340;
				TargetAttributes = {
					898A77392912E10500D7A030 = {
						CreatedOnToolsVersion = 13.4;
					};
				};
			};
			buildConfigurationList = 898A77352912E10500D7A030 /* Build configuration list for PBXProject "pracaInzynierska" */;
			compatibilityVersion = "Xcode 13.0";
			developmentRegion = en;
			hasScannedForEncodings = 0;
			knownRegions = (
				en,
				Base,
			);
			mainGroup = 898A77312912E10500D7A030;
			productRefGroup = 898A773B2912E10500D7A030 /* Products */;
			projectDirPath = "";
			projectRoot = "";
			targets = (
				898A77392912E10500D7A030 /* pracaInzynierska */,
			);
		};
/* End PBXProject section */

/* Begin PBXResourcesBuildPhase section */
		898A77382912E10500D7A030 /* Resources */ = {
			isa = PBXResourcesBuildPhase;
			buildActionMask = 2147483647;
			files = (
				898A77452912E10700D7A030 /* Preview Assets.xcassets in Resources */,
				898A77422912E10700D7A030 /* Assets.xcassets in Resources */,
			);
			runOnlyForDeploymentPostprocessing = 0;
		};
/* End PBXResourcesBuildPhase section */

/* Begin PBXSourcesBuildPhase section */
		898A77362912E10500D7A030 /* Sources */ = {
			isa = PBXSourcesBuildPhase;
			buildActionMask = 2147483647;
			files = (
				898A77622912E2D800D7A030 /* RecentRatingsView.swift in Sources */,
				898A776E2912E37400D7A030 /* Statics.swift in Sources */,
				898A775C2912E29600D7A030 /* GalleryView.swift in Sources */,
				898A77512912E20300D7A030 /* Rating.swift in Sources */,
				898A77662912E2F700D7A030 /* StarViews.swift in Sources */,
				898A77532912E22300D7A030 /* MainView.swift in Sources */,
				898A775F2912E2B000D7A030 /* PhotoRecognitionView.swift in Sources */,
				898A77642912E2EA00D7A030 /* SingleRatingView.swift in Sources */,
				898A773E2912E10500D7A030 /* pracaInzynierskaApp.swift in Sources */,
				898A77772913004F00D7A030 /* DataListView.swift in Sources */,
				898A77562912E25900D7A030 /* CarDetailView.swift in Sources */,
				898A77692912E31100D7A030 /* SettingsView.swift in Sources */,
				898A777C291301DC00D7A030 /* HeaderRatingView.swift in Sources */,
				898A77792913018B00D7A030 /* SingleRatingDetailView.swift in Sources */,
				898A774F2912E1E800D7A030 /* Car.swift in Sources */,
				898A776C2912E32F00D7A030 /* VinCheckView.swift in Sources */,
				898A77592912E27C00D7A030 /* CarListView.swift in Sources */,
			);
			runOnlyForDeploymentPostprocessing = 0;
		};
/* End PBXSourcesBuildPhase section */

/* Begin XCBuildConfiguration section */
		898A77462912E10700D7A030 /* Debug */ = {
			isa = XCBuildConfiguration;
			buildSettings = {
				ALWAYS_SEARCH_USER_PATHS = NO;
				CLANG_ANALYZER_NONNULL = YES;
				CLANG_ANALYZER_NUMBER_OBJECT_CONVERSION = YES_AGGRESSIVE;
				CLANG_CXX_LANGUAGE_STANDARD = "gnu++17";
				CLANG_ENABLE_MODULES = YES;
				CLANG_ENABLE_OBJC_ARC = YES;
				CLANG_ENABLE_OBJC_WEAK = YES;
				CLANG_WARN_BLOCK_CAPTURE_AUTORELEASING = YES;
				CLANG_WARN_BOOL_CONVERSION = YES;
				CLANG_WARN_COMMA = YES;
				CLANG_WARN_CONSTANT_CONVERSION = YES;
				CLANG_WARN_DEPRECATED_OBJC_IMPLEMENTATIONS = YES;
				CLANG_WARN_DIRECT_OBJC_ISA_USAGE = YES_ERROR;
				CLANG_WARN_DOCUMENTATION_COMMENTS = YES;
				CLANG_WARN_EMPTY_BODY = YES;
				CLANG_WARN_ENUM_CONVERSION = YES;
				CLANG_WARN_INFINITE_RECURSION = YES;
				CLANG_WARN_INT_CONVERSION = YES;
				CLANG_WARN_NON_LITERAL_NULL_CONVERSION = YES;
				CLANG_WARN_OBJC_IMPLICIT_RETAIN_SELF = YES;
				CLANG_WARN_OBJC_LITERAL_CONVERSION = YES;
				CLANG_WARN_OBJC_ROOT_CLASS = YES_ERROR;
				CLANG_WARN_QUOTED_INCLUDE_IN_FRAMEWORK_HEADER = YES;
				CLANG_WARN_RANGE_LOOP_ANALYSIS = YES;
				CLANG_WARN_STRICT_PROTOTYPES = YES;
				CLANG_WARN_SUSPICIOUS_MOVE = YES;
				CLANG_WARN_UNGUARDED_AVAILABILITY = YES_AGGRESSIVE;
				CLANG_WARN_UNREACHABLE_CODE = YES;
				CLANG_WARN__DUPLICATE_METHOD_MATCH = YES;
				COPY_PHASE_STRIP = NO;
				DEBUG_INFORMATION_FORMAT = dwarf;
				ENABLE_STRICT_OBJC_MSGSEND = YES;
				ENABLE_TESTABILITY = YES;
				GCC_C_LANGUAGE_STANDARD = gnu11;
				GCC_DYNAMIC_NO_PIC = NO;
				GCC_NO_COMMON_BLOCKS = YES;
				GCC_OPTIMIZATION_LEVEL = 0;
				GCC_PREPROCESSOR_DEFINITIONS = (
					"DEBUG=1",
					"$(inherited)",
				);
				GCC_WARN_64_TO_32_BIT_CONVERSION = YES;
				GCC_WARN_ABOUT_RETURN_TYPE = YES_ERROR;
				GCC_WARN_UNDECLARED_SELECTOR = YES;
				GCC_WARN_UNINITIALIZED_AUTOS = YES_AGGRESSIVE;
				GCC_WARN_UNUSED_FUNCTION = YES;
				GCC_WARN_UNUSED_VARIABLE = YES;
				IPHONEOS_DEPLOYMENT_TARGET = 15.5;
				MTL_ENABLE_DEBUG_INFO = INCLUDE_SOURCE;
				MTL_FAST_MATH = YES;
				ONLY_ACTIVE_ARCH = YES;
				SDKROOT = iphoneos;
				SWIFT_ACTIVE_COMPILATION_CONDITIONS = DEBUG;
				SWIFT_OPTIMIZATION_LEVEL = "-Onone";
			};
			name = Debug;
		};
		898A77472912E10700D7A030 /* Release */ = {
			isa = XCBuildConfiguration;
			buildSettings = {
				ALWAYS_SEARCH_USER_PATHS = NO;
				CLANG_ANALYZER_NONNULL = YES;
				CLANG_ANALYZER_NUMBER_OBJECT_CONVERSION = YES_AGGRESSIVE;
				CLANG_CXX_LANGUAGE_STANDARD = "gnu++17";
				CLANG_ENABLE_MODULES = YES;
				CLANG_ENABLE_OBJC_ARC = YES;
				CLANG_ENABLE_OBJC_WEAK = YES;
				CLANG_WARN_BLOCK_CAPTURE_AUTORELEASING = YES;
				CLANG_WARN_BOOL_CONVERSION = YES;
				CLANG_WARN_COMMA = YES;
				CLANG_WARN_CONSTANT_CONVERSION = YES;
				CLANG_WARN_DEPRECATED_OBJC_IMPLEMENTATIONS = YES;
				CLANG_WARN_DIRECT_OBJC_ISA_USAGE = YES_ERROR;
				CLANG_WARN_DOCUMENTATION_COMMENTS = YES;
				CLANG_WARN_EMPTY_BODY = YES;
				CLANG_WARN_ENUM_CONVERSION = YES;
				CLANG_WARN_INFINITE_RECURSION = YES;
				CLANG_WARN_INT_CONVERSION = YES;
				CLANG_WARN_NON_LITERAL_NULL_CONVERSION = YES;
				CLANG_WARN_OBJC_IMPLICIT_RETAIN_SELF = YES;
				CLANG_WARN_OBJC_LITERAL_CONVERSION = YES;
				CLANG_WARN_OBJC_ROOT_CLASS = YES_ERROR;
				CLANG_WARN_QUOTED_INCLUDE_IN_FRAMEWORK_HEADER = YES;
				CLANG_WARN_RANGE_LOOP_ANALYSIS = YES;
				CLANG_WARN_STRICT_PROTOTYPES = YES;
				CLANG_WARN_SUSPICIOUS_MOVE = YES;
				CLANG_WARN_UNGUARDED_AVAILABILITY = YES_AGGRESSIVE;
				CLANG_WARN_UNREACHABLE_CODE = YES;
				CLANG_WARN__DUPLICATE_METHOD_MATCH = YES;
				COPY_PHASE_STRIP = NO;
				DEBUG_INFORMATION_FORMAT = "dwarf-with-dsym";
				ENABLE_NS_ASSERTIONS = NO;
				ENABLE_STRICT_OBJC_MSGSEND = YES;
				GCC_C_LANGUAGE_STANDARD = gnu11;
				GCC_NO_COMMON_BLOCKS = YES;
				GCC_WARN_64_TO_32_BIT_CONVERSION = YES;
				GCC_WARN_ABOUT_RETURN_TYPE = YES_ERROR;
				GCC_WARN_UNDECLARED_SELECTOR = YES;
				GCC_WARN_UNINITIALIZED_AUTOS = YES_AGGRESSIVE;
				GCC_WARN_UNUSED_FUNCTION = YES;
				GCC_WARN_UNUSED_VARIABLE = YES;
				IPHONEOS_DEPLOYMENT_TARGET = 15.5;
				MTL_ENABLE_DEBUG_INFO = NO;
				MTL_FAST_MATH = YES;
				SDKROOT = iphoneos;
				SWIFT_COMPILATION_MODE = wholemodule;
				SWIFT_OPTIMIZATION_LEVEL = "-O";
				VALIDATE_PRODUCT = YES;
			};
			name = Release;
		};
		898A77492912E10700D7A030 /* Debug */ = {
			isa = XCBuildConfiguration;
			buildSettings = {
				ASSETCATALOG_COMPILER_APPICON_NAME = AppIcon;
				ASSETCATALOG_COMPILER_GLOBAL_ACCENT_COLOR_NAME = AccentColor;
				CODE_SIGN_STYLE = Automatic;
				CURRENT_PROJECT_VERSION = 1;
				DEVELOPMENT_ASSET_PATHS = "\"pracaInzynierska/Preview Content\"";
				DEVELOPMENT_TEAM = DQXF6DAASK;
				ENABLE_PREVIEWS = YES;
				GENERATE_INFOPLIST_FILE = YES;
				INFOPLIST_KEY_UIApplicationSceneManifest_Generation = YES;
				INFOPLIST_KEY_UIApplicationSupportsIndirectInputEvents = YES;
				INFOPLIST_KEY_UILaunchScreen_Generation = YES;
				INFOPLIST_KEY_UISupportedInterfaceOrientations_iPad = "UIInterfaceOrientationPortrait UIInterfaceOrientationPortraitUpsideDown UIInterfaceOrientationLandscapeLeft UIInterfaceOrientationLandscapeRight";
				INFOPLIST_KEY_UISupportedInterfaceOrientations_iPhone = "UIInterfaceOrientationPortrait UIInterfaceOrientationLandscapeLeft UIInterfaceOrientationLandscapeRight";
				LD_RUNPATH_SEARCH_PATHS = (
					"$(inherited)",
					"@executable_path/Frameworks",
				);
				MARKETING_VERSION = 1.0;
				PRODUCT_BUNDLE_IDENTIFIER = com.lukaszgolojuch.pracaInzynierska;
				PRODUCT_NAME = "$(TARGET_NAME)";
				SWIFT_EMIT_LOC_STRINGS = YES;
				SWIFT_VERSION = 5.0;
				TARGETED_DEVICE_FAMILY = "1,2";
			};
			name = Debug;
		};
		898A774A2912E10700D7A030 /* Release */ = {
			isa = XCBuildConfiguration;
			buildSettings = {
				ASSETCATALOG_COMPILER_APPICON_NAME = AppIcon;
				ASSETCATALOG_COMPILER_GLOBAL_ACCENT_COLOR_NAME = AccentColor;
				CODE_SIGN_STYLE = Automatic;
				CURRENT_PROJECT_VERSION = 1;
				DEVELOPMENT_ASSET_PATHS = "\"pracaInzynierska/Preview Content\"";
				DEVELOPMENT_TEAM = DQXF6DAASK;
				ENABLE_PREVIEWS = YES;
				GENERATE_INFOPLIST_FILE = YES;
				INFOPLIST_KEY_UIApplicationSceneManifest_Generation = YES;
				INFOPLIST_KEY_UIApplicationSupportsIndirectInputEvents = YES;
				INFOPLIST_KEY_UILaunchScreen_Generation = YES;
				INFOPLIST_KEY_UISupportedInterfaceOrientations_iPad = "UIInterfaceOrientationPortrait UIInterfaceOrientationPortraitUpsideDown UIInterfaceOrientationLandscapeLeft UIInterfaceOrientationLandscapeRight";
				INFOPLIST_KEY_UISupportedInterfaceOrientations_iPhone = "UIInterfaceOrientationPortrait UIInterfaceOrientationLandscapeLeft UIInterfaceOrientationLandscapeRight";
				LD_RUNPATH_SEARCH_PATHS = (
					"$(inherited)",
					"@executable_path/Frameworks",
				);
				MARKETING_VERSION = 1.0;
				PRODUCT_BUNDLE_IDENTIFIER = com.lukaszgolojuch.pracaInzynierska;
				PRODUCT_NAME = "$(TARGET_NAME)";
				SWIFT_EMIT_LOC_STRINGS = YES;
				SWIFT_VERSION = 5.0;
				TARGETED_DEVICE_FAMILY = "1,2";
			};
			name = Release;
		};
/* End XCBuildConfiguration section */

/* Begin XCConfigurationList section */
		898A77352912E10500D7A030 /* Build configuration list for PBXProject "pracaInzynierska" */ = {
			isa = XCConfigurationList;
			buildConfigurations = (
				898A77462912E10700D7A030 /* Debug */,
				898A77472912E10700D7A030 /* Release */,
			);
			defaultConfigurationIsVisible = 0;
			defaultConfigurationName = Release;
		};
		898A77482912E10700D7A030 /* Build configuration list for PBXNativeTarget "pracaInzynierska" */ = {
			isa = XCConfigurationList;
			buildConfigurations = (
				898A77492912E10700D7A030 /* Debug */,
				898A774A2912E10700D7A030 /* Release */,
			);
			defaultConfigurationIsVisible = 0;
			defaultConfigurationName = Release;
		};
/* End XCConfigurationList section */
	};
	rootObject = 898A77322912E10500D7A030 /* Project object */;
}
